// !$*UTF8*$!
{
	archiveVersion = 1;
	classes = {
	};
	objectVersion = 50;
	objects = {

/* Begin PBXBuildFile section */
		CBF18AAE223D2A69008D6B25 /* AppDelegate.swift in Sources */ = {isa = PBXBuildFile; fileRef = CBF18AAD223D2A69008D6B25 /* AppDelegate.swift */; };
		CBF18AB3223D2A69008D6B25 /* Main.storyboard in Resources */ = {isa = PBXBuildFile; fileRef = CBF18AB1223D2A69008D6B25 /* Main.storyboard */; };
		CBF18AB5223D2A6B008D6B25 /* Assets.xcassets in Resources */ = {isa = PBXBuildFile; fileRef = CBF18AB4223D2A6B008D6B25 /* Assets.xcassets */; };
		CBF18AB8223D2A6B008D6B25 /* LaunchScreen.storyboard in Resources */ = {isa = PBXBuildFile; fileRef = CBF18AB6223D2A6B008D6B25 /* LaunchScreen.storyboard */; };
		CBF18AC3223D2A6B008D6B25 /* MagicBusTests.swift in Sources */ = {isa = PBXBuildFile; fileRef = CBF18AC2223D2A6B008D6B25 /* MagicBusTests.swift */; };
		CBF18ACE223D2A6B008D6B25 /* MagicBusUITests.swift in Sources */ = {isa = PBXBuildFile; fileRef = CBF18ACD223D2A6B008D6B25 /* MagicBusUITests.swift */; };
		CBF18AE9223D6AA1008D6B25 /* BusConductor.framework in Frameworks */ = {isa = PBXBuildFile; fileRef = CBF18AE0223D6AA1008D6B25 /* BusConductor.framework */; };
		CBF18AF0223D6AA1008D6B25 /* BusConductorTests.swift in Sources */ = {isa = PBXBuildFile; fileRef = CBF18AEF223D6AA1008D6B25 /* BusConductorTests.swift */; };
		CBF18AF2223D6AA1008D6B25 /* BusConductor.h in Headers */ = {isa = PBXBuildFile; fileRef = CBF18AE2223D6AA1008D6B25 /* BusConductor.h */; settings = {ATTRIBUTES = (Public, ); }; };
		CBF18AF5223D6AA1008D6B25 /* BusConductor.framework in Frameworks */ = {isa = PBXBuildFile; fileRef = CBF18AE0223D6AA1008D6B25 /* BusConductor.framework */; };
		CBF18AF6223D6AA1008D6B25 /* BusConductor.framework in Embed Frameworks */ = {isa = PBXBuildFile; fileRef = CBF18AE0223D6AA1008D6B25 /* BusConductor.framework */; settings = {ATTRIBUTES = (CodeSignOnCopy, RemoveHeadersOnCopy, ); }; };
		CBF18AFF223D6AD2008D6B25 /* Ticket.swift in Sources */ = {isa = PBXBuildFile; fileRef = CBF18AFE223D6AD2008D6B25 /* Ticket.swift */; };
		CBF18B01223D6BC9008D6B25 /* Conductor.swift in Sources */ = {isa = PBXBuildFile; fileRef = CBF18B00223D6BC9008D6B25 /* Conductor.swift */; };
		CBF18B05223D9AEC008D6B25 /* MainTableViewController.swift in Sources */ = {isa = PBXBuildFile; fileRef = CBF18B04223D9AEC008D6B25 /* MainTableViewController.swift */; };
		CBF18B07223D9E1D008D6B25 /* ProductsTableViewController.swift in Sources */ = {isa = PBXBuildFile; fileRef = CBF18B06223D9E1D008D6B25 /* ProductsTableViewController.swift */; };
		CBF18B09223DA48B008D6B25 /* HistoryTableViewController.swift in Sources */ = {isa = PBXBuildFile; fileRef = CBF18B08223DA48B008D6B25 /* HistoryTableViewController.swift */; };
/* End PBXBuildFile section */

/* Begin PBXContainerItemProxy section */
		CBF18ABF223D2A6B008D6B25 /* PBXContainerItemProxy */ = {
			isa = PBXContainerItemProxy;
			containerPortal = CBF18AA2223D2A69008D6B25 /* Project object */;
			proxyType = 1;
			remoteGlobalIDString = CBF18AA9223D2A69008D6B25;
			remoteInfo = MagicBus;
		};
		CBF18ACA223D2A6B008D6B25 /* PBXContainerItemProxy */ = {
			isa = PBXContainerItemProxy;
			containerPortal = CBF18AA2223D2A69008D6B25 /* Project object */;
			proxyType = 1;
			remoteGlobalIDString = CBF18AA9223D2A69008D6B25;
			remoteInfo = MagicBus;
		};
		CBF18AEA223D6AA1008D6B25 /* PBXContainerItemProxy */ = {
			isa = PBXContainerItemProxy;
			containerPortal = CBF18AA2223D2A69008D6B25 /* Project object */;
			proxyType = 1;
			remoteGlobalIDString = CBF18ADF223D6AA1008D6B25;
			remoteInfo = BusConductor;
		};
		CBF18AEC223D6AA1008D6B25 /* PBXContainerItemProxy */ = {
			isa = PBXContainerItemProxy;
			containerPortal = CBF18AA2223D2A69008D6B25 /* Project object */;
			proxyType = 1;
			remoteGlobalIDString = CBF18AA9223D2A69008D6B25;
			remoteInfo = MagicBus;
		};
		CBF18AF3223D6AA1008D6B25 /* PBXContainerItemProxy */ = {
			isa = PBXContainerItemProxy;
			containerPortal = CBF18AA2223D2A69008D6B25 /* Project object */;
			proxyType = 1;
			remoteGlobalIDString = CBF18ADF223D6AA1008D6B25;
			remoteInfo = BusConductor;
		};
/* End PBXContainerItemProxy section */

/* Begin PBXCopyFilesBuildPhase section */
		CBF18AFC223D6AA1008D6B25 /* Embed Frameworks */ = {
			isa = PBXCopyFilesBuildPhase;
			buildActionMask = 2147483647;
			dstPath = "";
			dstSubfolderSpec = 10;
			files = (
				CBF18AF6223D6AA1008D6B25 /* BusConductor.framework in Embed Frameworks */,
			);
			name = "Embed Frameworks";
			runOnlyForDeploymentPostprocessing = 0;
		};
/* End PBXCopyFilesBuildPhase section */

/* Begin PBXFileReference section */
		CBF18AAA223D2A69008D6B25 /* MagicBus.app */ = {isa = PBXFileReference; explicitFileType = wrapper.application; includeInIndex = 0; path = MagicBus.app; sourceTree = BUILT_PRODUCTS_DIR; };
		CBF18AAD223D2A69008D6B25 /* AppDelegate.swift */ = {isa = PBXFileReference; lastKnownFileType = sourcecode.swift; path = AppDelegate.swift; sourceTree = "<group>"; };
		CBF18AB2223D2A69008D6B25 /* Base */ = {isa = PBXFileReference; lastKnownFileType = file.storyboard; name = Base; path = Base.lproj/Main.storyboard; sourceTree = "<group>"; };
		CBF18AB4223D2A6B008D6B25 /* Assets.xcassets */ = {isa = PBXFileReference; lastKnownFileType = folder.assetcatalog; path = Assets.xcassets; sourceTree = "<group>"; };
		CBF18AB7223D2A6B008D6B25 /* Base */ = {isa = PBXFileReference; lastKnownFileType = file.storyboard; name = Base; path = Base.lproj/LaunchScreen.storyboard; sourceTree = "<group>"; };
		CBF18AB9223D2A6B008D6B25 /* Info.plist */ = {isa = PBXFileReference; lastKnownFileType = text.plist.xml; path = Info.plist; sourceTree = "<group>"; };
		CBF18ABE223D2A6B008D6B25 /* MagicBusTests.xctest */ = {isa = PBXFileReference; explicitFileType = wrapper.cfbundle; includeInIndex = 0; path = MagicBusTests.xctest; sourceTree = BUILT_PRODUCTS_DIR; };
		CBF18AC2223D2A6B008D6B25 /* MagicBusTests.swift */ = {isa = PBXFileReference; lastKnownFileType = sourcecode.swift; path = MagicBusTests.swift; sourceTree = "<group>"; };
		CBF18AC4223D2A6B008D6B25 /* Info.plist */ = {isa = PBXFileReference; lastKnownFileType = text.plist.xml; path = Info.plist; sourceTree = "<group>"; };
		CBF18AC9223D2A6B008D6B25 /* MagicBusUITests.xctest */ = {isa = PBXFileReference; explicitFileType = wrapper.cfbundle; includeInIndex = 0; path = MagicBusUITests.xctest; sourceTree = BUILT_PRODUCTS_DIR; };
		CBF18ACD223D2A6B008D6B25 /* MagicBusUITests.swift */ = {isa = PBXFileReference; lastKnownFileType = sourcecode.swift; path = MagicBusUITests.swift; sourceTree = "<group>"; };
		CBF18ACF223D2A6B008D6B25 /* Info.plist */ = {isa = PBXFileReference; lastKnownFileType = text.plist.xml; path = Info.plist; sourceTree = "<group>"; };
		CBF18AE0223D6AA1008D6B25 /* BusConductor.framework */ = {isa = PBXFileReference; explicitFileType = wrapper.framework; includeInIndex = 0; path = BusConductor.framework; sourceTree = BUILT_PRODUCTS_DIR; };
		CBF18AE2223D6AA1008D6B25 /* BusConductor.h */ = {isa = PBXFileReference; lastKnownFileType = sourcecode.c.h; path = BusConductor.h; sourceTree = "<group>"; };
		CBF18AE3223D6AA1008D6B25 /* Info.plist */ = {isa = PBXFileReference; lastKnownFileType = text.plist.xml; path = Info.plist; sourceTree = "<group>"; };
		CBF18AE8223D6AA1008D6B25 /* BusConductorTests.xctest */ = {isa = PBXFileReference; explicitFileType = wrapper.cfbundle; includeInIndex = 0; path = BusConductorTests.xctest; sourceTree = BUILT_PRODUCTS_DIR; };
		CBF18AEF223D6AA1008D6B25 /* BusConductorTests.swift */ = {isa = PBXFileReference; lastKnownFileType = sourcecode.swift; path = BusConductorTests.swift; sourceTree = "<group>"; };
		CBF18AF1223D6AA1008D6B25 /* Info.plist */ = {isa = PBXFileReference; lastKnownFileType = text.plist.xml; path = Info.plist; sourceTree = "<group>"; };
		CBF18AFE223D6AD2008D6B25 /* Ticket.swift */ = {isa = PBXFileReference; lastKnownFileType = sourcecode.swift; path = Ticket.swift; sourceTree = "<group>"; };
		CBF18B00223D6BC9008D6B25 /* Conductor.swift */ = {isa = PBXFileReference; lastKnownFileType = sourcecode.swift; path = Conductor.swift; sourceTree = "<group>"; };
		CBF18B04223D9AEC008D6B25 /* MainTableViewController.swift */ = {isa = PBXFileReference; lastKnownFileType = sourcecode.swift; path = MainTableViewController.swift; sourceTree = "<group>"; };
		CBF18B06223D9E1D008D6B25 /* ProductsTableViewController.swift */ = {isa = PBXFileReference; lastKnownFileType = sourcecode.swift; path = ProductsTableViewController.swift; sourceTree = "<group>"; };
		CBF18B08223DA48B008D6B25 /* HistoryTableViewController.swift */ = {isa = PBXFileReference; lastKnownFileType = sourcecode.swift; path = HistoryTableViewController.swift; sourceTree = "<group>"; };
/* End PBXFileReference section */

/* Begin PBXFrameworksBuildPhase section */
		CBF18AA7223D2A69008D6B25 /* Frameworks */ = {
			isa = PBXFrameworksBuildPhase;
			buildActionMask = 2147483647;
			files = (
				CBF18AF5223D6AA1008D6B25 /* BusConductor.framework in Frameworks */,
			);
			runOnlyForDeploymentPostprocessing = 0;
		};
		CBF18ABB223D2A6B008D6B25 /* Frameworks */ = {
			isa = PBXFrameworksBuildPhase;
			buildActionMask = 2147483647;
			files = (
			);
			runOnlyForDeploymentPostprocessing = 0;
		};
		CBF18AC6223D2A6B008D6B25 /* Frameworks */ = {
			isa = PBXFrameworksBuildPhase;
			buildActionMask = 2147483647;
			files = (
			);
			runOnlyForDeploymentPostprocessing = 0;
		};
		CBF18ADD223D6AA1008D6B25 /* Frameworks */ = {
			isa = PBXFrameworksBuildPhase;
			buildActionMask = 2147483647;
			files = (
			);
			runOnlyForDeploymentPostprocessing = 0;
		};
		CBF18AE5223D6AA1008D6B25 /* Frameworks */ = {
			isa = PBXFrameworksBuildPhase;
			buildActionMask = 2147483647;
			files = (
				CBF18AE9223D6AA1008D6B25 /* BusConductor.framework in Frameworks */,
			);
			runOnlyForDeploymentPostprocessing = 0;
		};
/* End PBXFrameworksBuildPhase section */

/* Begin PBXGroup section */
		CBF18AA1223D2A69008D6B25 = {
			isa = PBXGroup;
			children = (
				CBF18AAC223D2A69008D6B25 /* MagicBus */,
				CBF18AC1223D2A6B008D6B25 /* MagicBusTests */,
				CBF18ACC223D2A6B008D6B25 /* MagicBusUITests */,
				CBF18AE1223D6AA1008D6B25 /* BusConductor */,
				CBF18AEE223D6AA1008D6B25 /* BusConductorTests */,
				CBF18AAB223D2A69008D6B25 /* Products */,
			);
			sourceTree = "<group>";
		};
		CBF18AAB223D2A69008D6B25 /* Products */ = {
			isa = PBXGroup;
			children = (
				CBF18AAA223D2A69008D6B25 /* MagicBus.app */,
				CBF18ABE223D2A6B008D6B25 /* MagicBusTests.xctest */,
				CBF18AC9223D2A6B008D6B25 /* MagicBusUITests.xctest */,
				CBF18AE0223D6AA1008D6B25 /* BusConductor.framework */,
				CBF18AE8223D6AA1008D6B25 /* BusConductorTests.xctest */,
			);
			name = Products;
			sourceTree = "<group>";
		};
		CBF18AAC223D2A69008D6B25 /* MagicBus */ = {
			isa = PBXGroup;
			children = (
				CBF18AAD223D2A69008D6B25 /* AppDelegate.swift */,
				CBF18B04223D9AEC008D6B25 /* MainTableViewController.swift */,
				CBF18B06223D9E1D008D6B25 /* ProductsTableViewController.swift */,
				CBF18B08223DA48B008D6B25 /* HistoryTableViewController.swift */,
				CBF18AB1223D2A69008D6B25 /* Main.storyboard */,
				CBF18AB4223D2A6B008D6B25 /* Assets.xcassets */,
				CBF18AB6223D2A6B008D6B25 /* LaunchScreen.storyboard */,
				CBF18AB9223D2A6B008D6B25 /* Info.plist */,
			);
			path = MagicBus;
			sourceTree = "<group>";
		};
		CBF18AC1223D2A6B008D6B25 /* MagicBusTests */ = {
			isa = PBXGroup;
			children = (
				CBF18AC2223D2A6B008D6B25 /* MagicBusTests.swift */,
				CBF18AC4223D2A6B008D6B25 /* Info.plist */,
			);
			path = MagicBusTests;
			sourceTree = "<group>";
		};
		CBF18ACC223D2A6B008D6B25 /* MagicBusUITests */ = {
			isa = PBXGroup;
			children = (
				CBF18ACD223D2A6B008D6B25 /* MagicBusUITests.swift */,
				CBF18ACF223D2A6B008D6B25 /* Info.plist */,
			);
			path = MagicBusUITests;
			sourceTree = "<group>";
		};
		CBF18AE1223D6AA1008D6B25 /* BusConductor */ = {
			isa = PBXGroup;
			children = (
				CBF18AE2223D6AA1008D6B25 /* BusConductor.h */,
				CBF18AE3223D6AA1008D6B25 /* Info.plist */,
				CBF18AFE223D6AD2008D6B25 /* Ticket.swift */,
				CBF18B00223D6BC9008D6B25 /* Conductor.swift */,
			);
			path = BusConductor;
			sourceTree = "<group>";
		};
		CBF18AEE223D6AA1008D6B25 /* BusConductorTests */ = {
			isa = PBXGroup;
			children = (
				CBF18AEF223D6AA1008D6B25 /* BusConductorTests.swift */,
				CBF18AF1223D6AA1008D6B25 /* Info.plist */,
			);
			path = BusConductorTests;
			sourceTree = "<group>";
		};
/* End PBXGroup section */

/* Begin PBXHeadersBuildPhase section */
		CBF18ADB223D6AA1008D6B25 /* Headers */ = {
			isa = PBXHeadersBuildPhase;
			buildActionMask = 2147483647;
			files = (
				CBF18AF2223D6AA1008D6B25 /* BusConductor.h in Headers */,
			);
			runOnlyForDeploymentPostprocessing = 0;
		};
/* End PBXHeadersBuildPhase section */

/* Begin PBXNativeTarget section */
		CBF18AA9223D2A69008D6B25 /* MagicBus */ = {
			isa = PBXNativeTarget;
			buildConfigurationList = CBF18AD2223D2A6B008D6B25 /* Build configuration list for PBXNativeTarget "MagicBus" */;
			buildPhases = (
				CBF18AA6223D2A69008D6B25 /* Sources */,
				CBF18AA7223D2A69008D6B25 /* Frameworks */,
				CBF18AA8223D2A69008D6B25 /* Resources */,
				CBF18AFC223D6AA1008D6B25 /* Embed Frameworks */,
			);
			buildRules = (
			);
			dependencies = (
				CBF18AF4223D6AA1008D6B25 /* PBXTargetDependency */,
			);
			name = MagicBus;
			productName = MagicBus;
			productReference = CBF18AAA223D2A69008D6B25 /* MagicBus.app */;
			productType = "com.apple.product-type.application";
		};
		CBF18ABD223D2A6B008D6B25 /* MagicBusTests */ = {
			isa = PBXNativeTarget;
			buildConfigurationList = CBF18AD5223D2A6B008D6B25 /* Build configuration list for PBXNativeTarget "MagicBusTests" */;
			buildPhases = (
				CBF18ABA223D2A6B008D6B25 /* Sources */,
				CBF18ABB223D2A6B008D6B25 /* Frameworks */,
				CBF18ABC223D2A6B008D6B25 /* Resources */,
			);
			buildRules = (
			);
			dependencies = (
				CBF18AC0223D2A6B008D6B25 /* PBXTargetDependency */,
			);
			name = MagicBusTests;
			productName = MagicBusTests;
			productReference = CBF18ABE223D2A6B008D6B25 /* MagicBusTests.xctest */;
			productType = "com.apple.product-type.bundle.unit-test";
		};
		CBF18AC8223D2A6B008D6B25 /* MagicBusUITests */ = {
			isa = PBXNativeTarget;
			buildConfigurationList = CBF18AD8223D2A6B008D6B25 /* Build configuration list for PBXNativeTarget "MagicBusUITests" */;
			buildPhases = (
				CBF18AC5223D2A6B008D6B25 /* Sources */,
				CBF18AC6223D2A6B008D6B25 /* Frameworks */,
				CBF18AC7223D2A6B008D6B25 /* Resources */,
			);
			buildRules = (
			);
			dependencies = (
				CBF18ACB223D2A6B008D6B25 /* PBXTargetDependency */,
			);
			name = MagicBusUITests;
			productName = MagicBusUITests;
			productReference = CBF18AC9223D2A6B008D6B25 /* MagicBusUITests.xctest */;
			productType = "com.apple.product-type.bundle.ui-testing";
		};
		CBF18ADF223D6AA1008D6B25 /* BusConductor */ = {
			isa = PBXNativeTarget;
			buildConfigurationList = CBF18AFB223D6AA1008D6B25 /* Build configuration list for PBXNativeTarget "BusConductor" */;
			buildPhases = (
				CBF18ADB223D6AA1008D6B25 /* Headers */,
				CBF18ADC223D6AA1008D6B25 /* Sources */,
				CBF18ADD223D6AA1008D6B25 /* Frameworks */,
				CBF18ADE223D6AA1008D6B25 /* Resources */,
			);
			buildRules = (
			);
			dependencies = (
			);
			name = BusConductor;
			productName = BusConductor;
			productReference = CBF18AE0223D6AA1008D6B25 /* BusConductor.framework */;
			productType = "com.apple.product-type.framework";
		};
		CBF18AE7223D6AA1008D6B25 /* BusConductorTests */ = {
			isa = PBXNativeTarget;
			buildConfigurationList = CBF18AFD223D6AA1008D6B25 /* Build configuration list for PBXNativeTarget "BusConductorTests" */;
			buildPhases = (
				CBF18AE4223D6AA1008D6B25 /* Sources */,
				CBF18AE5223D6AA1008D6B25 /* Frameworks */,
				CBF18AE6223D6AA1008D6B25 /* Resources */,
			);
			buildRules = (
			);
			dependencies = (
				CBF18AEB223D6AA1008D6B25 /* PBXTargetDependency */,
				CBF18AED223D6AA1008D6B25 /* PBXTargetDependency */,
			);
			name = BusConductorTests;
			productName = BusConductorTests;
			productReference = CBF18AE8223D6AA1008D6B25 /* BusConductorTests.xctest */;
			productType = "com.apple.product-type.bundle.unit-test";
		};
/* End PBXNativeTarget section */

/* Begin PBXProject section */
		CBF18AA2223D2A69008D6B25 /* Project object */ = {
			isa = PBXProject;
			attributes = {
				LastSwiftUpdateCheck = 1010;
				LastUpgradeCheck = 1010;
				ORGANIZATIONNAME = "Alexander von Below";
				TargetAttributes = {
					CBF18AA9223D2A69008D6B25 = {
						CreatedOnToolsVersion = 10.1;
					};
					CBF18ABD223D2A6B008D6B25 = {
						CreatedOnToolsVersion = 10.1;
						TestTargetID = CBF18AA9223D2A69008D6B25;
					};
					CBF18AC8223D2A6B008D6B25 = {
						CreatedOnToolsVersion = 10.1;
						TestTargetID = CBF18AA9223D2A69008D6B25;
					};
					CBF18ADF223D6AA1008D6B25 = {
						CreatedOnToolsVersion = 10.1;
						LastSwiftMigration = 1010;
					};
					CBF18AE7223D6AA1008D6B25 = {
						CreatedOnToolsVersion = 10.1;
						TestTargetID = CBF18AA9223D2A69008D6B25;
					};
				};
			};
			buildConfigurationList = CBF18AA5223D2A69008D6B25 /* Build configuration list for PBXProject "MagicBus" */;
			compatibilityVersion = "Xcode 9.3";
			developmentRegion = en;
			hasScannedForEncodings = 0;
			knownRegions = (
				en,
				Base,
			);
			mainGroup = CBF18AA1223D2A69008D6B25;
			productRefGroup = CBF18AAB223D2A69008D6B25 /* Products */;
			projectDirPath = "";
			projectRoot = "";
			targets = (
				CBF18AA9223D2A69008D6B25 /* MagicBus */,
				CBF18ABD223D2A6B008D6B25 /* MagicBusTests */,
				CBF18AC8223D2A6B008D6B25 /* MagicBusUITests */,
				CBF18ADF223D6AA1008D6B25 /* BusConductor */,
				CBF18AE7223D6AA1008D6B25 /* BusConductorTests */,
			);
		};
/* End PBXProject section */

/* Begin PBXResourcesBuildPhase section */
		CBF18AA8223D2A69008D6B25 /* Resources */ = {
			isa = PBXResourcesBuildPhase;
			buildActionMask = 2147483647;
			files = (
				CBF18AB8223D2A6B008D6B25 /* LaunchScreen.storyboard in Resources */,
				CBF18AB5223D2A6B008D6B25 /* Assets.xcassets in Resources */,
				CBF18AB3223D2A69008D6B25 /* Main.storyboard in Resources */,
			);
			runOnlyForDeploymentPostprocessing = 0;
		};
		CBF18ABC223D2A6B008D6B25 /* Resources */ = {
			isa = PBXResourcesBuildPhase;
			buildActionMask = 2147483647;
			files = (
			);
			runOnlyForDeploymentPostprocessing = 0;
		};
		CBF18AC7223D2A6B008D6B25 /* Resources */ = {
			isa = PBXResourcesBuildPhase;
			buildActionMask = 2147483647;
			files = (
			);
			runOnlyForDeploymentPostprocessing = 0;
		};
		CBF18ADE223D6AA1008D6B25 /* Resources */ = {
			isa = PBXResourcesBuildPhase;
			buildActionMask = 2147483647;
			files = (
			);
			runOnlyForDeploymentPostprocessing = 0;
		};
		CBF18AE6223D6AA1008D6B25 /* Resources */ = {
			isa = PBXResourcesBuildPhase;
			buildActionMask = 2147483647;
			files = (
			);
			runOnlyForDeploymentPostprocessing = 0;
		};
/* End PBXResourcesBuildPhase section */

/* Begin PBXSourcesBuildPhase section */
		CBF18AA6223D2A69008D6B25 /* Sources */ = {
			isa = PBXSourcesBuildPhase;
			buildActionMask = 2147483647;
			files = (
				CBF18B09223DA48B008D6B25 /* HistoryTableViewController.swift in Sources */,
				CBF18B05223D9AEC008D6B25 /* MainTableViewController.swift in Sources */,
				CBF18B07223D9E1D008D6B25 /* ProductsTableViewController.swift in Sources */,
				CBF18AAE223D2A69008D6B25 /* AppDelegate.swift in Sources */,
			);
			runOnlyForDeploymentPostprocessing = 0;
		};
		CBF18ABA223D2A6B008D6B25 /* Sources */ = {
			isa = PBXSourcesBuildPhase;
			buildActionMask = 2147483647;
			files = (
				CBF18AC3223D2A6B008D6B25 /* MagicBusTests.swift in Sources */,
			);
			runOnlyForDeploymentPostprocessing = 0;
		};
		CBF18AC5223D2A6B008D6B25 /* Sources */ = {
			isa = PBXSourcesBuildPhase;
			buildActionMask = 2147483647;
			files = (
				CBF18ACE223D2A6B008D6B25 /* MagicBusUITests.swift in Sources */,
			);
			runOnlyForDeploymentPostprocessing = 0;
		};
		CBF18ADC223D6AA1008D6B25 /* Sources */ = {
			isa = PBXSourcesBuildPhase;
			buildActionMask = 2147483647;
			files = (
				CBF18AFF223D6AD2008D6B25 /* Ticket.swift in Sources */,
				CBF18B01223D6BC9008D6B25 /* Conductor.swift in Sources */,
			);
			runOnlyForDeploymentPostprocessing = 0;
		};
		CBF18AE4223D6AA1008D6B25 /* Sources */ = {
			isa = PBXSourcesBuildPhase;
			buildActionMask = 2147483647;
			files = (
				CBF18AF0223D6AA1008D6B25 /* BusConductorTests.swift in Sources */,
			);
			runOnlyForDeploymentPostprocessing = 0;
		};
/* End PBXSourcesBuildPhase section */

/* Begin PBXTargetDependency section */
		CBF18AC0223D2A6B008D6B25 /* PBXTargetDependency */ = {
			isa = PBXTargetDependency;
			target = CBF18AA9223D2A69008D6B25 /* MagicBus */;
			targetProxy = CBF18ABF223D2A6B008D6B25 /* PBXContainerItemProxy */;
		};
		CBF18ACB223D2A6B008D6B25 /* PBXTargetDependency */ = {
			isa = PBXTargetDependency;
			target = CBF18AA9223D2A69008D6B25 /* MagicBus */;
			targetProxy = CBF18ACA223D2A6B008D6B25 /* PBXContainerItemProxy */;
		};
		CBF18AEB223D6AA1008D6B25 /* PBXTargetDependency */ = {
			isa = PBXTargetDependency;
			target = CBF18ADF223D6AA1008D6B25 /* BusConductor */;
			targetProxy = CBF18AEA223D6AA1008D6B25 /* PBXContainerItemProxy */;
		};
		CBF18AED223D6AA1008D6B25 /* PBXTargetDependency */ = {
			isa = PBXTargetDependency;
			target = CBF18AA9223D2A69008D6B25 /* MagicBus */;
			targetProxy = CBF18AEC223D6AA1008D6B25 /* PBXContainerItemProxy */;
		};
		CBF18AF4223D6AA1008D6B25 /* PBXTargetDependency */ = {
			isa = PBXTargetDependency;
			target = CBF18ADF223D6AA1008D6B25 /* BusConductor */;
			targetProxy = CBF18AF3223D6AA1008D6B25 /* PBXContainerItemProxy */;
		};
/* End PBXTargetDependency section */

/* Begin PBXVariantGroup section */
		CBF18AB1223D2A69008D6B25 /* Main.storyboard */ = {
			isa = PBXVariantGroup;
			children = (
				CBF18AB2223D2A69008D6B25 /* Base */,
			);
			name = Main.storyboard;
			sourceTree = "<group>";
		};
		CBF18AB6223D2A6B008D6B25 /* LaunchScreen.storyboard */ = {
			isa = PBXVariantGroup;
			children = (
				CBF18AB7223D2A6B008D6B25 /* Base */,
			);
			name = LaunchScreen.storyboard;
			sourceTree = "<group>";
		};
/* End PBXVariantGroup section */

/* Begin XCBuildConfiguration section */
		CBF18AD0223D2A6B008D6B25 /* Debug */ = {
			isa = XCBuildConfiguration;
			buildSettings = {
				ALWAYS_SEARCH_USER_PATHS = NO;
				CLANG_ANALYZER_NONNULL = YES;
				CLANG_ANALYZER_NUMBER_OBJECT_CONVERSION = YES_AGGRESSIVE;
				CLANG_CXX_LANGUAGE_STANDARD = "gnu++14";
				CLANG_CXX_LIBRARY = "libc++";
				CLANG_ENABLE_MODULES = YES;
				CLANG_ENABLE_OBJC_ARC = YES;
				CLANG_ENABLE_OBJC_WEAK = YES;
				CLANG_WARN_BLOCK_CAPTURE_AUTORELEASING = YES;
				CLANG_WARN_BOOL_CONVERSION = YES;
				CLANG_WARN_COMMA = YES;
				CLANG_WARN_CONSTANT_CONVERSION = YES;
				CLANG_WARN_DEPRECATED_OBJC_IMPLEMENTATIONS = YES;
				CLANG_WARN_DIRECT_OBJC_ISA_USAGE = YES_ERROR;
				CLANG_WARN_DOCUMENTATION_COMMENTS = YES;
				CLANG_WARN_EMPTY_BODY = YES;
				CLANG_WARN_ENUM_CONVERSION = YES;
				CLANG_WARN_INFINITE_RECURSION = YES;
				CLANG_WARN_INT_CONVERSION = YES;
				CLANG_WARN_NON_LITERAL_NULL_CONVERSION = YES;
				CLANG_WARN_OBJC_IMPLICIT_RETAIN_SELF = YES;
				CLANG_WARN_OBJC_LITERAL_CONVERSION = YES;
				CLANG_WARN_OBJC_ROOT_CLASS = YES_ERROR;
				CLANG_WARN_RANGE_LOOP_ANALYSIS = YES;
				CLANG_WARN_STRICT_PROTOTYPES = YES;
				CLANG_WARN_SUSPICIOUS_MOVE = YES;
				CLANG_WARN_UNGUARDED_AVAILABILITY = YES_AGGRESSIVE;
				CLANG_WARN_UNREACHABLE_CODE = YES;
				CLANG_WARN__DUPLICATE_METHOD_MATCH = YES;
				CODE_SIGN_IDENTITY = "iPhone Developer";
				COPY_PHASE_STRIP = NO;
				DEBUG_INFORMATION_FORMAT = dwarf;
				ENABLE_STRICT_OBJC_MSGSEND = YES;
				ENABLE_TESTABILITY = YES;
				GCC_C_LANGUAGE_STANDARD = gnu11;
				GCC_DYNAMIC_NO_PIC = NO;
				GCC_NO_COMMON_BLOCKS = YES;
				GCC_OPTIMIZATION_LEVEL = 0;
				GCC_PREPROCESSOR_DEFINITIONS = (
					"DEBUG=1",
					"$(inherited)",
				);
				GCC_WARN_64_TO_32_BIT_CONVERSION = YES;
				GCC_WARN_ABOUT_RETURN_TYPE = YES_ERROR;
				GCC_WARN_UNDECLARED_SELECTOR = YES;
				GCC_WARN_UNINITIALIZED_AUTOS = YES_AGGRESSIVE;
				GCC_WARN_UNUSED_FUNCTION = YES;
				GCC_WARN_UNUSED_VARIABLE = YES;
				IPHONEOS_DEPLOYMENT_TARGET = 12.1;
				MTL_ENABLE_DEBUG_INFO = INCLUDE_SOURCE;
				MTL_FAST_MATH = YES;
				ONLY_ACTIVE_ARCH = YES;
				SDKROOT = iphoneos;
				SWIFT_ACTIVE_COMPILATION_CONDITIONS = DEBUG;
				SWIFT_OPTIMIZATION_LEVEL = "-Onone";
			};
			name = Debug;
		};
		CBF18AD1223D2A6B008D6B25 /* Release */ = {
			isa = XCBuildConfiguration;
			buildSettings = {
				ALWAYS_SEARCH_USER_PATHS = NO;
				CLANG_ANALYZER_NONNULL = YES;
				CLANG_ANALYZER_NUMBER_OBJECT_CONVERSION = YES_AGGRESSIVE;
				CLANG_CXX_LANGUAGE_STANDARD = "gnu++14";
				CLANG_CXX_LIBRARY = "libc++";
				CLANG_ENABLE_MODULES = YES;
				CLANG_ENABLE_OBJC_ARC = YES;
				CLANG_ENABLE_OBJC_WEAK = YES;
				CLANG_WARN_BLOCK_CAPTURE_AUTORELEASING = YES;
				CLANG_WARN_BOOL_CONVERSION = YES;
				CLANG_WARN_COMMA = YES;
				CLANG_WARN_CONSTANT_CONVERSION = YES;
				CLANG_WARN_DEPRECATED_OBJC_IMPLEMENTATIONS = YES;
				CLANG_WARN_DIRECT_OBJC_ISA_USAGE = YES_ERROR;
				CLANG_WARN_DOCUMENTATION_COMMENTS = YES;
				CLANG_WARN_EMPTY_BODY = YES;
				CLANG_WARN_ENUM_CONVERSION = YES;
				CLANG_WARN_INFINITE_RECURSION = YES;
				CLANG_WARN_INT_CONVERSION = YES;
				CLANG_WARN_NON_LITERAL_NULL_CONVERSION = YES;
				CLANG_WARN_OBJC_IMPLICIT_RETAIN_SELF = YES;
				CLANG_WARN_OBJC_LITERAL_CONVERSION = YES;
				CLANG_WARN_OBJC_ROOT_CLASS = YES_ERROR;
				CLANG_WARN_RANGE_LOOP_ANALYSIS = YES;
				CLANG_WARN_STRICT_PROTOTYPES = YES;
				CLANG_WARN_SUSPICIOUS_MOVE = YES;
				CLANG_WARN_UNGUARDED_AVAILABILITY = YES_AGGRESSIVE;
				CLANG_WARN_UNREACHABLE_CODE = YES;
				CLANG_WARN__DUPLICATE_METHOD_MATCH = YES;
				CODE_SIGN_IDENTITY = "iPhone Developer";
				COPY_PHASE_STRIP = NO;
				DEBUG_INFORMATION_FORMAT = "dwarf-with-dsym";
				ENABLE_NS_ASSERTIONS = NO;
				ENABLE_STRICT_OBJC_MSGSEND = YES;
				GCC_C_LANGUAGE_STANDARD = gnu11;
				GCC_NO_COMMON_BLOCKS = YES;
				GCC_WARN_64_TO_32_BIT_CONVERSION = YES;
				GCC_WARN_ABOUT_RETURN_TYPE = YES_ERROR;
				GCC_WARN_UNDECLARED_SELECTOR = YES;
				GCC_WARN_UNINITIALIZED_AUTOS = YES_AGGRESSIVE;
				GCC_WARN_UNUSED_FUNCTION = YES;
				GCC_WARN_UNUSED_VARIABLE = YES;
				IPHONEOS_DEPLOYMENT_TARGET = 12.1;
				MTL_ENABLE_DEBUG_INFO = NO;
				MTL_FAST_MATH = YES;
				SDKROOT = iphoneos;
				SWIFT_COMPILATION_MODE = wholemodule;
				SWIFT_OPTIMIZATION_LEVEL = "-O";
				VALIDATE_PRODUCT = YES;
			};
			name = Release;
		};
		CBF18AD3223D2A6B008D6B25 /* Debug */ = {
			isa = XCBuildConfiguration;
			buildSettings = {
				ALWAYS_EMBED_SWIFT_STANDARD_LIBRARIES = YES;
				ASSETCATALOG_COMPILER_APPICON_NAME = AppIcon;
				CODE_SIGN_STYLE = Automatic;
				DEVELOPMENT_TEAM = M3DTZN9V9B;
				INFOPLIST_FILE = MagicBus/Info.plist;
				LD_RUNPATH_SEARCH_PATHS = (
					"$(inherited)",
					"@executable_path/Frameworks",
				);
				PRODUCT_BUNDLE_IDENTIFIER = com.vonBelow.MagicBus;
				PRODUCT_NAME = "$(TARGET_NAME)";
				SWIFT_VERSION = 4.2;
				TARGETED_DEVICE_FAMILY = "1,2";
			};
			name = Debug;
		};
		CBF18AD4223D2A6B008D6B25 /* Release */ = {
			isa = XCBuildConfiguration;
			buildSettings = {
				ALWAYS_EMBED_SWIFT_STANDARD_LIBRARIES = YES;
				ASSETCATALOG_COMPILER_APPICON_NAME = AppIcon;
				CODE_SIGN_STYLE = Automatic;
				DEVELOPMENT_TEAM = M3DTZN9V9B;
				INFOPLIST_FILE = MagicBus/Info.plist;
				LD_RUNPATH_SEARCH_PATHS = (
					"$(inherited)",
					"@executable_path/Frameworks",
				);
				PRODUCT_BUNDLE_IDENTIFIER = com.vonBelow.MagicBus;
				PRODUCT_NAME = "$(TARGET_NAME)";
				SWIFT_VERSION = 4.2;
				TARGETED_DEVICE_FAMILY = "1,2";
			};
			name = Release;
		};
		CBF18AD6223D2A6B008D6B25 /* Debug */ = {
			isa = XCBuildConfiguration;
			buildSettings = {
				ALWAYS_EMBED_SWIFT_STANDARD_LIBRARIES = YES;
				BUNDLE_LOADER = "$(TEST_HOST)";
				CODE_SIGN_STYLE = Automatic;
				DEVELOPMENT_TEAM = M3DTZN9V9B;
				INFOPLIST_FILE = MagicBusTests/Info.plist;
				LD_RUNPATH_SEARCH_PATHS = (
					"$(inherited)",
					"@executable_path/Frameworks",
					"@loader_path/Frameworks",
				);
				PRODUCT_BUNDLE_IDENTIFIER = com.vonBelow.MagicBusTests;
				PRODUCT_NAME = "$(TARGET_NAME)";
				SWIFT_VERSION = 4.2;
				TARGETED_DEVICE_FAMILY = "1,2";
				TEST_HOST = "$(BUILT_PRODUCTS_DIR)/MagicBus.app/MagicBus";
			};
			name = Debug;
		};
		CBF18AD7223D2A6B008D6B25 /* Release */ = {
			isa = XCBuildConfiguration;
			buildSettings = {
				ALWAYS_EMBED_SWIFT_STANDARD_LIBRARIES = YES;
				BUNDLE_LOADER = "$(TEST_HOST)";
				CODE_SIGN_STYLE = Automatic;
				DEVELOPMENT_TEAM = M3DTZN9V9B;
				INFOPLIST_FILE = MagicBusTests/Info.plist;
				LD_RUNPATH_SEARCH_PATHS = (
					"$(inherited)",
					"@executable_path/Frameworks",
					"@loader_path/Frameworks",
				);
				PRODUCT_BUNDLE_IDENTIFIER = com.vonBelow.MagicBusTests;
				PRODUCT_NAME = "$(TARGET_NAME)";
				SWIFT_VERSION = 4.2;
				TARGETED_DEVICE_FAMILY = "1,2";
				TEST_HOST = "$(BUILT_PRODUCTS_DIR)/MagicBus.app/MagicBus";
			};
			name = Release;
		};
		CBF18AD9223D2A6B008D6B25 /* Debug */ = {
			isa = XCBuildConfiguration;
			buildSettings = {
				ALWAYS_EMBED_SWIFT_STANDARD_LIBRARIES = YES;
				CODE_SIGN_STYLE = Automatic;
				DEVELOPMENT_TEAM = M3DTZN9V9B;
				INFOPLIST_FILE = MagicBusUITests/Info.plist;
				LD_RUNPATH_SEARCH_PATHS = (
					"$(inherited)",
					"@executable_path/Frameworks",
					"@loader_path/Frameworks",
				);
				PRODUCT_BUNDLE_IDENTIFIER = com.vonBelow.MagicBusUITests;
				PRODUCT_NAME = "$(TARGET_NAME)";
				SWIFT_VERSION = 4.2;
				TARGETED_DEVICE_FAMILY = "1,2";
				TEST_TARGET_NAME = MagicBus;
			};
			name = Debug;
		};
		CBF18ADA223D2A6B008D6B25 /* Release */ = {
			isa = XCBuildConfiguration;
			buildSettings = {
				ALWAYS_EMBED_SWIFT_STANDARD_LIBRARIES = YES;
				CODE_SIGN_STYLE = Automatic;
				DEVELOPMENT_TEAM = M3DTZN9V9B;
				INFOPLIST_FILE = MagicBusUITests/Info.plist;
				LD_RUNPATH_SEARCH_PATHS = (
					"$(inherited)",
					"@executable_path/Frameworks",
					"@loader_path/Frameworks",
				);
				PRODUCT_BUNDLE_IDENTIFIER = com.vonBelow.MagicBusUITests;
				PRODUCT_NAME = "$(TARGET_NAME)";
				SWIFT_VERSION = 4.2;
				TARGETED_DEVICE_FAMILY = "1,2";
				TEST_TARGET_NAME = MagicBus;
			};
			name = Release;
		};
		CBF18AF7223D6AA1008D6B25 /* Debug */ = {
			isa = XCBuildConfiguration;
			buildSettings = {
				CLANG_ENABLE_MODULES = YES;
				CODE_SIGN_IDENTITY = "";
				CODE_SIGN_STYLE = Automatic;
				CURRENT_PROJECT_VERSION = 1;
				DEFINES_MODULE = YES;
				DEVELOPMENT_TEAM = M3DTZN9V9B;
				DYLIB_COMPATIBILITY_VERSION = 1;
				DYLIB_CURRENT_VERSION = 1;
				DYLIB_INSTALL_NAME_BASE = "@rpath";
				INFOPLIST_FILE = BusConductor/Info.plist;
				INSTALL_PATH = "$(LOCAL_LIBRARY_DIR)/Frameworks";
				LD_RUNPATH_SEARCH_PATHS = (
					"$(inherited)",
					"@executable_path/Frameworks",
					"@loader_path/Frameworks",
				);
				PRODUCT_BUNDLE_IDENTIFIER = com.vonBelow.BusConductor;
				PRODUCT_NAME = "$(TARGET_NAME:c99extidentifier)";
				SKIP_INSTALL = YES;
				SWIFT_OPTIMIZATION_LEVEL = "-Onone";
				SWIFT_VERSION = 4.2;
				TARGETED_DEVICE_FAMILY = "1,2";
				VERSIONING_SYSTEM = "apple-generic";
				VERSION_INFO_PREFIX = "";
			};
			name = Debug;
		};
		CBF18AF8223D6AA1008D6B25 /* Release */ = {
			isa = XCBuildConfiguration;
			buildSettings = {
				CLANG_ENABLE_MODULES = YES;
				CODE_SIGN_IDENTITY = "";
				CODE_SIGN_STYLE = Automatic;
				CURRENT_PROJECT_VERSION = 1;
				DEFINES_MODULE = YES;
				DEVELOPMENT_TEAM = M3DTZN9V9B;
				DYLIB_COMPATIBILITY_VERSION = 1;
				DYLIB_CURRENT_VERSION = 1;
				DYLIB_INSTALL_NAME_BASE = "@rpath";
				INFOPLIST_FILE = BusConductor/Info.plist;
				INSTALL_PATH = "$(LOCAL_LIBRARY_DIR)/Frameworks";
				LD_RUNPATH_SEARCH_PATHS = (
					"$(inherited)",
					"@executable_path/Frameworks",
					"@loader_path/Frameworks",
				);
				PRODUCT_BUNDLE_IDENTIFIER = com.vonBelow.BusConductor;
				PRODUCT_NAME = "$(TARGET_NAME:c99extidentifier)";
				SKIP_INSTALL = YES;
				SWIFT_VERSION = 4.2;
				TARGETED_DEVICE_FAMILY = "1,2";
				VERSIONING_SYSTEM = "apple-generic";
				VERSION_INFO_PREFIX = "";
			};
			name = Release;
		};
		CBF18AF9223D6AA1008D6B25 /* Debug */ = {
			isa = XCBuildConfiguration;
			buildSettings = {
				ALWAYS_EMBED_SWIFT_STANDARD_LIBRARIES = YES;
				CODE_SIGN_STYLE = Automatic;
				DEVELOPMENT_TEAM = M3DTZN9V9B;
				INFOPLIST_FILE = BusConductorTests/Info.plist;
				LD_RUNPATH_SEARCH_PATHS = (
					"$(inherited)",
					"@executable_path/Frameworks",
					"@loader_path/Frameworks",
				);
				PRODUCT_BUNDLE_IDENTIFIER = com.vonBelow.BusConductorTests;
				PRODUCT_NAME = "$(TARGET_NAME)";
				SWIFT_VERSION = 4.2;
				TARGETED_DEVICE_FAMILY = "1,2";
				TEST_HOST = "$(BUILT_PRODUCTS_DIR)/MagicBus.app/MagicBus";
			};
			name = Debug;
		};
		CBF18AFA223D6AA1008D6B25 /* Release */ = {
			isa = XCBuildConfiguration;
			buildSettings = {
				ALWAYS_EMBED_SWIFT_STANDARD_LIBRARIES = YES;
				CODE_SIGN_STYLE = Automatic;
				DEVELOPMENT_TEAM = M3DTZN9V9B;
				INFOPLIST_FILE = BusConductorTests/Info.plist;
				LD_RUNPATH_SEARCH_PATHS = (
					"$(inherited)",
					"@executable_path/Frameworks",
					"@loader_path/Frameworks",
				);
				PRODUCT_BUNDLE_IDENTIFIER = com.vonBelow.BusConductorTests;
				PRODUCT_NAME = "$(TARGET_NAME)";
				SWIFT_VERSION = 4.2;
				TARGETED_DEVICE_FAMILY = "1,2";
				TEST_HOST = "$(BUILT_PRODUCTS_DIR)/MagicBus.app/MagicBus";
			};
			name = Release;
		};
/* End XCBuildConfiguration section */

/* Begin XCConfigurationList section */
		CBF18AA5223D2A69008D6B25 /* Build configuration list for PBXProject "MagicBus" */ = {
			isa = XCConfigurationList;
			buildConfigurations = (
				CBF18AD0223D2A6B008D6B25 /* Debug */,
				CBF18AD1223D2A6B008D6B25 /* Release */,
			);
			defaultConfigurationIsVisible = 0;
			defaultConfigurationName = Release;
		};
		CBF18AD2223D2A6B008D6B25 /* Build configuration list for PBXNativeTarget "MagicBus" */ = {
			isa = XCConfigurationList;
			buildConfigurations = (
				CBF18AD3223D2A6B008D6B25 /* Debug */,
				CBF18AD4223D2A6B008D6B25 /* Release */,
			);
			defaultConfigurationIsVisible = 0;
			defaultConfigurationName = Release;
		};
		CBF18AD5223D2A6B008D6B25 /* Build configuration list for PBXNativeTarget "MagicBusTests" */ = {
			isa = XCConfigurationList;
			buildConfigurations = (
				CBF18AD6223D2A6B008D6B25 /* Debug */,
				CBF18AD7223D2A6B008D6B25 /* Release */,
			);
			defaultConfigurationIsVisible = 0;
			defaultConfigurationName = Release;
		};
		CBF18AD8223D2A6B008D6B25 /* Build configuration list for PBXNativeTarget "MagicBusUITests" */ = {
			isa = XCConfigurationList;
			buildConfigurations = (
				CBF18AD9223D2A6B008D6B25 /* Debug */,
				CBF18ADA223D2A6B008D6B25 /* Release */,
			);
			defaultConfigurationIsVisible = 0;
			defaultConfigurationName = Release;
		};
		CBF18AFB223D6AA1008D6B25 /* Build configuration list for PBXNativeTarget "BusConductor" */ = {
			isa = XCConfigurationList;
			buildConfigurations = (
				CBF18AF7223D6AA1008D6B25 /* Debug */,
				CBF18AF8223D6AA1008D6B25 /* Release */,
			);
			defaultConfigurationIsVisible = 0;
			defaultConfigurationName = Release;
		};
		CBF18AFD223D6AA1008D6B25 /* Build configuration list for PBXNativeTarget "BusConductorTests" */ = {
			isa = XCConfigurationList;
			buildConfigurations = (
				CBF18AF9223D6AA1008D6B25 /* Debug */,
				CBF18AFA223D6AA1008D6B25 /* Release */,
			);
			defaultConfigurationIsVisible = 0;
			defaultConfigurationName = Release;
		};
/* End XCConfigurationList section */
	};
	rootObject = CBF18AA2223D2A69008D6B25 /* Project object */;
}
