// !$*UTF8*$!
{
	archiveVersion = 1;
	classes = {
	};
	objectVersion = 50;
	objects = {

/* Begin PBXBuildFile section */
		CBF18AAE223D2A69008D6B25 /* AppDelegate.swift in Sources */ = {isa = PBXBuildFile; fileRef = CBF18AAD223D2A69008D6B25 /* AppDelegate.swift */; };
		CBF18AB0223D2A69008D6B25 /* ViewController.swift in Sources */ = {isa = PBXBuildFile; fileRef = CBF18AAF223D2A69008D6B25 /* ViewController.swift */; };
		CBF18AB3223D2A69008D6B25 /* Main.storyboard in Resources */ = {isa = PBXBuildFile; fileRef = CBF18AB1223D2A69008D6B25 /* Main.storyboard */; };
		CBF18AB5223D2A6B008D6B25 /* Assets.xcassets in Resources */ = {isa = PBXBuildFile; fileRef = CBF18AB4223D2A6B008D6B25 /* Assets.xcassets */; };
		CBF18AB8223D2A6B008D6B25 /* LaunchScreen.storyboard in Resources */ = {isa = PBXBuildFile; fileRef = CBF18AB6223D2A6B008D6B25 /* LaunchScreen.storyboard */; };
		CBF18AC3223D2A6B008D6B25 /* MagicBusTests.swift in Sources */ = {isa = PBXBuildFile; fileRef = CBF18AC2223D2A6B008D6B25 /* MagicBusTests.swift */; };
		CBF18ACE223D2A6B008D6B25 /* MagicBusUITests.swift in Sources */ = {isa = PBXBuildFile; fileRef = CBF18ACD223D2A6B008D6B25 /* MagicBusUITests.swift */; };
/* End PBXBuildFile section */

/* Begin PBXContainerItemProxy section */
		CBF18ABF223D2A6B008D6B25 /* PBXContainerItemProxy */ = {
			isa = PBXContainerItemProxy;
			containerPortal = CBF18AA2223D2A69008D6B25 /* Project object */;
			proxyType = 1;
			remoteGlobalIDString = CBF18AA9223D2A69008D6B25;
			remoteInfo = MagicBus;
		};
		CBF18ACA223D2A6B008D6B25 /* PBXContainerItemProxy */ = {
			isa = PBXContainerItemProxy;
			containerPortal = CBF18AA2223D2A69008D6B25 /* Project object */;
			proxyType = 1;
			remoteGlobalIDString = CBF18AA9223D2A69008D6B25;
			remoteInfo = MagicBus;
		};
/* End PBXContainerItemProxy section */

/* Begin PBXFileReference section */
		CBF18AAA223D2A69008D6B25 /* MagicBus.app */ = {isa = PBXFileReference; explicitFileType = wrapper.application; includeInIndex = 0; path = MagicBus.app; sourceTree = BUILT_PRODUCTS_DIR; };
		CBF18AAD223D2A69008D6B25 /* AppDelegate.swift */ = {isa = PBXFileReference; lastKnownFileType = sourcecode.swift; path = AppDelegate.swift; sourceTree = "<group>"; };
		CBF18AAF223D2A69008D6B25 /* ViewController.swift */ = {isa = PBXFileReference; lastKnownFileType = sourcecode.swift; path = ViewController.swift; sourceTree = "<group>"; };
		CBF18AB2223D2A69008D6B25 /* Base */ = {isa = PBXFileReference; lastKnownFileType = file.storyboard; name = Base; path = Base.lproj/Main.storyboard; sourceTree = "<group>"; };
		CBF18AB4223D2A6B008D6B25 /* Assets.xcassets */ = {isa = PBXFileReference; lastKnownFileType = folder.assetcatalog; path = Assets.xcassets; sourceTree = "<group>"; };
		CBF18AB7223D2A6B008D6B25 /* Base */ = {isa = PBXFileReference; lastKnownFileType = file.storyboard; name = Base; path = Base.lproj/LaunchScreen.storyboard; sourceTree = "<group>"; };
		CBF18AB9223D2A6B008D6B25 /* Info.plist */ = {isa = PBXFileReference; lastKnownFileType = text.plist.xml; path = Info.plist; sourceTree = "<group>"; };
		CBF18ABE223D2A6B008D6B25 /* MagicBusTests.xctest */ = {isa = PBXFileReference; explicitFileType = wrapper.cfbundle; includeInIndex = 0; path = MagicBusTests.xctest; sourceTree = BUILT_PRODUCTS_DIR; };
		CBF18AC2223D2A6B008D6B25 /* MagicBusTests.swift */ = {isa = PBXFileReference; lastKnownFileType = sourcecode.swift; path = MagicBusTests.swift; sourceTree = "<group>"; };
		CBF18AC4223D2A6B008D6B25 /* Info.plist */ = {isa = PBXFileReference; lastKnownFileType = text.plist.xml; path = Info.plist; sourceTree = "<group>"; };
		CBF18AC9223D2A6B008D6B25 /* MagicBusUITests.xctest */ = {isa = PBXFileReference; explicitFileType = wrapper.cfbundle; includeInIndex = 0; path = MagicBusUITests.xctest; sourceTree = BUILT_PRODUCTS_DIR; };
		CBF18ACD223D2A6B008D6B25 /* MagicBusUITests.swift */ = {isa = PBXFileReference; lastKnownFileType = sourcecode.swift; path = MagicBusUITests.swift; sourceTree = "<group>"; };
		CBF18ACF223D2A6B008D6B25 /* Info.plist */ = {isa = PBXFileReference; lastKnownFileType = text.plist.xml; path = Info.plist; sourceTree = "<group>"; };
/* End PBXFileReference section */

/* Begin PBXFrameworksBuildPhase section */
		CBF18AA7223D2A69008D6B25 /* Frameworks */ = {
			isa = PBXFrameworksBuildPhase;
			buildActionMask = 2147483647;
			files = (
			);
			runOnlyForDeploymentPostprocessing = 0;
		};
		CBF18ABB223D2A6B008D6B25 /* Frameworks */ = {
			isa = PBXFrameworksBuildPhase;
			buildActionMask = 2147483647;
			files = (
			);
			runOnlyForDeploymentPostprocessing = 0;
		};
		CBF18AC6223D2A6B008D6B25 /* Frameworks */ = {
			isa = PBXFrameworksBuildPhase;
			buildActionMask = 2147483647;
			files = (
			);
			runOnlyForDeploymentPostprocessing = 0;
		};
/* End PBXFrameworksBuildPhase section */

/* Begin PBXGroup section */
		CBF18AA1223D2A69008D6B25 = {
			isa = PBXGroup;
			children = (
				CBF18AAC223D2A69008D6B25 /* MagicBus */,
				CBF18AC1223D2A6B008D6B25 /* MagicBusTests */,
				CBF18ACC223D2A6B008D6B25 /* MagicBusUITests */,
				CBF18AAB223D2A69008D6B25 /* Products */,
			);
			sourceTree = "<group>";
		};
		CBF18AAB223D2A69008D6B25 /* Products */ = {
			isa = PBXGroup;
			children = (
				CBF18AAA223D2A69008D6B25 /* MagicBus.app */,
				CBF18ABE223D2A6B008D6B25 /* MagicBusTests.xctest */,
				CBF18AC9223D2A6B008D6B25 /* MagicBusUITests.xctest */,
			);
			name = Products;
			sourceTree = "<group>";
		};
		CBF18AAC223D2A69008D6B25 /* MagicBus */ = {
			isa = PBXGroup;
			children = (
				CBF18AAD223D2A69008D6B25 /* AppDelegate.swift */,
				CBF18AAF223D2A69008D6B25 /* ViewController.swift */,
				CBF18AB1223D2A69008D6B25 /* Main.storyboard */,
				CBF18AB4223D2A6B008D6B25 /* Assets.xcassets */,
				CBF18AB6223D2A6B008D6B25 /* LaunchScreen.storyboard */,
				CBF18AB9223D2A6B008D6B25 /* Info.plist */,
			);
			path = MagicBus;
			sourceTree = "<group>";
		};
		CBF18AC1223D2A6B008D6B25 /* MagicBusTests */ = {
			isa = PBXGroup;
			children = (
				CBF18AC2223D2A6B008D6B25 /* MagicBusTests.swift */,
				CBF18AC4223D2A6B008D6B25 /* Info.plist */,
			);
			path = MagicBusTests;
			sourceTree = "<group>";
		};
		CBF18ACC223D2A6B008D6B25 /* MagicBusUITests */ = {
			isa = PBXGroup;
			children = (
				CBF18ACD223D2A6B008D6B25 /* MagicBusUITests.swift */,
				CBF18ACF223D2A6B008D6B25 /* Info.plist */,
			);
			path = MagicBusUITests;
			sourceTree = "<group>";
		};
/* End PBXGroup section */

/* Begin PBXNativeTarget section */
		CBF18AA9223D2A69008D6B25 /* MagicBus */ = {
			isa = PBXNativeTarget;
			buildConfigurationList = CBF18AD2223D2A6B008D6B25 /* Build configuration list for PBXNativeTarget "MagicBus" */;
			buildPhases = (
				CBF18AA6223D2A69008D6B25 /* Sources */,
				CBF18AA7223D2A69008D6B25 /* Frameworks */,
				CBF18AA8223D2A69008D6B25 /* Resources */,
			);
			buildRules = (
			);
			dependencies = (
			);
			name = MagicBus;
			productName = MagicBus;
			productReference = CBF18AAA223D2A69008D6B25 /* MagicBus.app */;
			productType = "com.apple.product-type.application";
		};
		CBF18ABD223D2A6B008D6B25 /* MagicBusTests */ = {
			isa = PBXNativeTarget;
			buildConfigurationList = CBF18AD5223D2A6B008D6B25 /* Build configuration list for PBXNativeTarget "MagicBusTests" */;
			buildPhases = (
				CBF18ABA223D2A6B008D6B25 /* Sources */,
				CBF18ABB223D2A6B008D6B25 /* Frameworks */,
				CBF18ABC223D2A6B008D6B25 /* Resources */,
			);
			buildRules = (
			);
			dependencies = (
				CBF18AC0223D2A6B008D6B25 /* PBXTargetDependency */,
			);
			name = MagicBusTests;
			productName = MagicBusTests;
			productReference = CBF18ABE223D2A6B008D6B25 /* MagicBusTests.xctest */;
			productType = "com.apple.product-type.bundle.unit-test";
		};
		CBF18AC8223D2A6B008D6B25 /* MagicBusUITests */ = {
			isa = PBXNativeTarget;
			buildConfigurationList = CBF18AD8223D2A6B008D6B25 /* Build configuration list for PBXNativeTarget "MagicBusUITests" */;
			buildPhases = (
				CBF18AC5223D2A6B008D6B25 /* Sources */,
				CBF18AC6223D2A6B008D6B25 /* Frameworks */,
				CBF18AC7223D2A6B008D6B25 /* Resources */,
			);
			buildRules = (
			);
			dependencies = (
				CBF18ACB223D2A6B008D6B25 /* PBXTargetDependency */,
			);
			name = MagicBusUITests;
			productName = MagicBusUITests;
			productReference = CBF18AC9223D2A6B008D6B25 /* MagicBusUITests.xctest */;
			productType = "com.apple.product-type.bundle.ui-testing";
		};
/* End PBXNativeTarget section */

/* Begin PBXProject section */
		CBF18AA2223D2A69008D6B25 /* Project object */ = {
			isa = PBXProject;
			attributes = {
				LastSwiftUpdateCheck = 1010;
				LastUpgradeCheck = 1010;
				ORGANIZATIONNAME = "Alexander von Below";
				TargetAttributes = {
					CBF18AA9223D2A69008D6B25 = {
						CreatedOnToolsVersion = 10.1;
					};
					CBF18ABD223D2A6B008D6B25 = {
						CreatedOnToolsVersion = 10.1;
						TestTargetID = CBF18AA9223D2A69008D6B25;
					};
					CBF18AC8223D2A6B008D6B25 = {
						CreatedOnToolsVersion = 10.1;
						TestTargetID = CBF18AA9223D2A69008D6B25;
					};
				};
			};
			buildConfigurationList = CBF18AA5223D2A69008D6B25 /* Build configuration list for PBXProject "MagicBus" */;
			compatibilityVersion = "Xcode 9.3";
			developmentRegion = en;
			hasScannedForEncodings = 0;
			knownRegions = (
				en,
				Base,
			);
			mainGroup = CBF18AA1223D2A69008D6B25;
			productRefGroup = CBF18AAB223D2A69008D6B25 /* Products */;
			projectDirPath = "";
			projectRoot = "";
			targets = (
				CBF18AA9223D2A69008D6B25 /* MagicBus */,
				CBF18ABD223D2A6B008D6B25 /* MagicBusTests */,
				CBF18AC8223D2A6B008D6B25 /* MagicBusUITests */,
			);
		};
/* End PBXProject section */

/* Begin PBXResourcesBuildPhase section */
		CBF18AA8223D2A69008D6B25 /* Resources */ = {
			isa = PBXResourcesBuildPhase;
			buildActionMask = 2147483647;
			files = (
				CBF18AB8223D2A6B008D6B25 /* LaunchScreen.storyboard in Resources */,
				CBF18AB5223D2A6B008D6B25 /* Assets.xcassets in Resources */,
				CBF18AB3223D2A69008D6B25 /* Main.storyboard in Resources */,
			);
			runOnlyForDeploymentPostprocessing = 0;
		};
		CBF18ABC223D2A6B008D6B25 /* Resources */ = {
			isa = PBXResourcesBuildPhase;
			buildActionMask = 2147483647;
			files = (
			);
			runOnlyForDeploymentPostprocessing = 0;
		};
		CBF18AC7223D2A6B008D6B25 /* Resources */ = {
			isa = PBXResourcesBuildPhase;
			buildActionMask = 2147483647;
			files = (
			);
			runOnlyForDeploymentPostprocessing = 0;
		};
/* End PBXResourcesBuildPhase section */

/* Begin PBXSourcesBuildPhase section */
		CBF18AA6223D2A69008D6B25 /* Sources */ = {
			isa = PBXSourcesBuildPhase;
			buildActionMask = 2147483647;
			files = (
				CBF18AB0223D2A69008D6B25 /* ViewController.swift in Sources */,
				CBF18AAE223D2A69008D6B25 /* AppDelegate.swift in Sources */,
			);
			runOnlyForDeploymentPostprocessing = 0;
		};
		CBF18ABA223D2A6B008D6B25 /* Sources */ = {
			isa = PBXSourcesBuildPhase;
			buildActionMask = 2147483647;
			files = (
				CBF18AC3223D2A6B008D6B25 /* MagicBusTests.swift in Sources */,
			);
			runOnlyForDeploymentPostprocessing = 0;
		};
		CBF18AC5223D2A6B008D6B25 /* Sources */ = {
			isa = PBXSourcesBuildPhase;
			buildActionMask = 2147483647;
			files = (
				CBF18ACE223D2A6B008D6B25 /* MagicBusUITests.swift in Sources */,
			);
			runOnlyForDeploymentPostprocessing = 0;
		};
/* End PBXSourcesBuildPhase section */

/* Begin PBXTargetDependency section */
		CBF18AC0223D2A6B008D6B25 /* PBXTargetDependency */ = {
			isa = PBXTargetDependency;
			target = CBF18AA9223D2A69008D6B25 /* MagicBus */;
			targetProxy = CBF18ABF223D2A6B008D6B25 /* PBXContainerItemProxy */;
		};
		CBF18ACB223D2A6B008D6B25 /* PBXTargetDependency */ = {
			isa = PBXTargetDependency;
			target = CBF18AA9223D2A69008D6B25 /* MagicBus */;
			targetProxy = CBF18ACA223D2A6B008D6B25 /* PBXContainerItemProxy */;
		};
/* End PBXTargetDependency section */

/* Begin PBXVariantGroup section */
		CBF18AB1223D2A69008D6B25 /* Main.storyboard */ = {
			isa = PBXVariantGroup;
			children = (
				CBF18AB2223D2A69008D6B25 /* Base */,
			);
			name = Main.storyboard;
			sourceTree = "<group>";
		};
		CBF18AB6223D2A6B008D6B25 /* LaunchScreen.storyboard */ = {
			isa = PBXVariantGroup;
			children = (
				CBF18AB7223D2A6B008D6B25 /* Base */,
			);
			name = LaunchScreen.storyboard;
			sourceTree = "<group>";
		};
/* End PBXVariantGroup section */

/* Begin XCBuildConfiguration section */
		CBF18AD0223D2A6B008D6B25 /* Debug */ = {
			isa = XCBuildConfiguration;
			buildSettings = {
				ALWAYS_SEARCH_USER_PATHS = NO;
				CLANG_ANALYZER_NONNULL = YES;
				CLANG_ANALYZER_NUMBER_OBJECT_CONVERSION = YES_AGGRESSIVE;
				CLANG_CXX_LANGUAGE_STANDARD = "gnu++14";
				CLANG_CXX_LIBRARY = "libc++";
				CLANG_ENABLE_MODULES = YES;
				CLANG_ENABLE_OBJC_ARC = YES;
				CLANG_ENABLE_OBJC_WEAK = YES;
				CLANG_WARN_BLOCK_CAPTURE_AUTORELEASING = YES;
				CLANG_WARN_BOOL_CONVERSION = YES;
				CLANG_WARN_COMMA = YES;
				CLANG_WARN_CONSTANT_CONVERSION = YES;
				CLANG_WARN_DEPRECATED_OBJC_IMPLEMENTATIONS = YES;
				CLANG_WARN_DIRECT_OBJC_ISA_USAGE = YES_ERROR;
				CLANG_WARN_DOCUMENTATION_COMMENTS = YES;
				CLANG_WARN_EMPTY_BODY = YES;
				CLANG_WARN_ENUM_CONVERSION = YES;
				CLANG_WARN_INFINITE_RECURSION = YES;
				CLANG_WARN_INT_CONVERSION = YES;
				CLANG_WARN_NON_LITERAL_NULL_CONVERSION = YES;
				CLANG_WARN_OBJC_IMPLICIT_RETAIN_SELF = YES;
				CLANG_WARN_OBJC_LITERAL_CONVERSION = YES;
				CLANG_WARN_OBJC_ROOT_CLASS = YES_ERROR;
				CLANG_WARN_RANGE_LOOP_ANALYSIS = YES;
				CLANG_WARN_STRICT_PROTOTYPES = YES;
				CLANG_WARN_SUSPICIOUS_MOVE = YES;
				CLANG_WARN_UNGUARDED_AVAILABILITY = YES_AGGRESSIVE;
				CLANG_WARN_UNREACHABLE_CODE = YES;
				CLANG_WARN__DUPLICATE_METHOD_MATCH = YES;
				CODE_SIGN_IDENTITY = "iPhone Developer";
				COPY_PHASE_STRIP = NO;
				DEBUG_INFORMATION_FORMAT = dwarf;
				ENABLE_STRICT_OBJC_MSGSEND = YES;
				ENABLE_TESTABILITY = YES;
				GCC_C_LANGUAGE_STANDARD = gnu11;
				GCC_DYNAMIC_NO_PIC = NO;
				GCC_NO_COMMON_BLOCKS = YES;
				GCC_OPTIMIZATION_LEVEL = 0;
				GCC_PREPROCESSOR_DEFINITIONS = (
					"DEBUG=1",
					"$(inherited)",
				);
				GCC_WARN_64_TO_32_BIT_CONVERSION = YES;
				GCC_WARN_ABOUT_RETURN_TYPE = YES_ERROR;
				GCC_WARN_UNDECLARED_SELECTOR = YES;
				GCC_WARN_UNINITIALIZED_AUTOS = YES_AGGRESSIVE;
				GCC_WARN_UNUSED_FUNCTION = YES;
				GCC_WARN_UNUSED_VARIABLE = YES;
				IPHONEOS_DEPLOYMENT_TARGET = 12.1;
				MTL_ENABLE_DEBUG_INFO = INCLUDE_SOURCE;
				MTL_FAST_MATH = YES;
				ONLY_ACTIVE_ARCH = YES;
				SDKROOT = iphoneos;
				SWIFT_ACTIVE_COMPILATION_CONDITIONS = DEBUG;
				SWIFT_OPTIMIZATION_LEVEL = "-Onone";
			};
			name = Debug;
		};
		CBF18AD1223D2A6B008D6B25 /* Release */ = {
			isa = XCBuildConfiguration;
			buildSettings = {
				ALWAYS_SEARCH_USER_PATHS = NO;
				CLANG_ANALYZER_NONNULL = YES;
				CLANG_ANALYZER_NUMBER_OBJECT_CONVERSION = YES_AGGRESSIVE;
				CLANG_CXX_LANGUAGE_STANDARD = "gnu++14";
				CLANG_CXX_LIBRARY = "libc++";
				CLANG_ENABLE_MODULES = YES;
				CLANG_ENABLE_OBJC_ARC = YES;
				CLANG_ENABLE_OBJC_WEAK = YES;
				CLANG_WARN_BLOCK_CAPTURE_AUTORELEASING = YES;
				CLANG_WARN_BOOL_CONVERSION = YES;
				CLANG_WARN_COMMA = YES;
				CLANG_WARN_CONSTANT_CONVERSION = YES;
				CLANG_WARN_DEPRECATED_OBJC_IMPLEMENTATIONS = YES;
				CLANG_WARN_DIRECT_OBJC_ISA_USAGE = YES_ERROR;
				CLANG_WARN_DOCUMENTATION_COMMENTS = YES;
				CLANG_WARN_EMPTY_BODY = YES;
				CLANG_WARN_ENUM_CONVERSION = YES;
				CLANG_WARN_INFINITE_RECURSION = YES;
				CLANG_WARN_INT_CONVERSION = YES;
				CLANG_WARN_NON_LITERAL_NULL_CONVERSION = YES;
				CLANG_WARN_OBJC_IMPLICIT_RETAIN_SELF = YES;
				CLANG_WARN_OBJC_LITERAL_CONVERSION = YES;
				CLANG_WARN_OBJC_ROOT_CLASS = YES_ERROR;
				CLANG_WARN_RANGE_LOOP_ANALYSIS = YES;
				CLANG_WARN_STRICT_PROTOTYPES = YES;
				CLANG_WARN_SUSPICIOUS_MOVE = YES;
				CLANG_WARN_UNGUARDED_AVAILABILITY = YES_AGGRESSIVE;
				CLANG_WARN_UNREACHABLE_CODE = YES;
				CLANG_WARN__DUPLICATE_METHOD_MATCH = YES;
				CODE_SIGN_IDENTITY = "iPhone Developer";
				COPY_PHASE_STRIP = NO;
				DEBUG_INFORMATION_FORMAT = "dwarf-with-dsym";
				ENABLE_NS_ASSERTIONS = NO;
				ENABLE_STRICT_OBJC_MSGSEND = YES;
				GCC_C_LANGUAGE_STANDARD = gnu11;
				GCC_NO_COMMON_BLOCKS = YES;
				GCC_WARN_64_TO_32_BIT_CONVERSION = YES;
				GCC_WARN_ABOUT_RETURN_TYPE = YES_ERROR;
				GCC_WARN_UNDECLARED_SELECTOR = YES;
				GCC_WARN_UNINITIALIZED_AUTOS = YES_AGGRESSIVE;
				GCC_WARN_UNUSED_FUNCTION = YES;
				GCC_WARN_UNUSED_VARIABLE = YES;
				IPHONEOS_DEPLOYMENT_TARGET = 12.1;
				MTL_ENABLE_DEBUG_INFO = NO;
				MTL_FAST_MATH = YES;
				SDKROOT = iphoneos;
				SWIFT_COMPILATION_MODE = wholemodule;
				SWIFT_OPTIMIZATION_LEVEL = "-O";
				VALIDATE_PRODUCT = YES;
			};
			name = Release;
		};
		CBF18AD3223D2A6B008D6B25 /* Debug */ = {
			isa = XCBuildConfiguration;
			buildSettings = {
				ASSETCATALOG_COMPILER_APPICON_NAME = AppIcon;
				CODE_SIGN_STYLE = Automatic;
				DEVELOPMENT_TEAM = M3DTZN9V9B;
				INFOPLIST_FILE = MagicBus/Info.plist;
				LD_RUNPATH_SEARCH_PATHS = (
					"$(inherited)",
					"@executable_path/Frameworks",
				);
				PRODUCT_BUNDLE_IDENTIFIER = com.vonBelow.MagicBus;
				PRODUCT_NAME = "$(TARGET_NAME)";
				SWIFT_VERSION = 4.2;
				TARGETED_DEVICE_FAMILY = "1,2";
			};
			name = Debug;
		};
		CBF18AD4223D2A6B008D6B25 /* Release */ = {
			isa = XCBuildConfiguration;
			buildSettings = {
				ASSETCATALOG_COMPILER_APPICON_NAME = AppIcon;
				CODE_SIGN_STYLE = Automatic;
				DEVELOPMENT_TEAM = M3DTZN9V9B;
				INFOPLIST_FILE = MagicBus/Info.plist;
				LD_RUNPATH_SEARCH_PATHS = (
					"$(inherited)",
					"@executable_path/Frameworks",
				);
				PRODUCT_BUNDLE_IDENTIFIER = com.vonBelow.MagicBus;
				PRODUCT_NAME = "$(TARGET_NAME)";
				SWIFT_VERSION = 4.2;
				TARGETED_DEVICE_FAMILY = "1,2";
			};
			name = Release;
		};
		CBF18AD6223D2A6B008D6B25 /* Debug */ = {
			isa = XCBuildConfiguration;
			buildSettings = {
				ALWAYS_EMBED_SWIFT_STANDARD_LIBRARIES = YES;
				BUNDLE_LOADER = "$(TEST_HOST)";
				CODE_SIGN_STYLE = Automatic;
				DEVELOPMENT_TEAM = M3DTZN9V9B;
				INFOPLIST_FILE = MagicBusTests/Info.plist;
				LD_RUNPATH_SEARCH_PATHS = (
					"$(inherited)",
					"@executable_path/Frameworks",
					"@loader_path/Frameworks",
				);
				PRODUCT_BUNDLE_IDENTIFIER = com.vonBelow.MagicBusTests;
				PRODUCT_NAME = "$(TARGET_NAME)";
				SWIFT_VERSION = 4.2;
				TARGETED_DEVICE_FAMILY = "1,2";
				TEST_HOST = "$(BUILT_PRODUCTS_DIR)/MagicBus.app/MagicBus";
			};
			name = Debug;
		};
		CBF18AD7223D2A6B008D6B25 /* Release */ = {
			isa = XCBuildConfiguration;
			buildSettings = {
				ALWAYS_EMBED_SWIFT_STANDARD_LIBRARIES = YES;
				BUNDLE_LOADER = "$(TEST_HOST)";
				CODE_SIGN_STYLE = Automatic;
				DEVELOPMENT_TEAM = M3DTZN9V9B;
				INFOPLIST_FILE = MagicBusTests/Info.plist;
				LD_RUNPATH_SEARCH_PATHS = (
					"$(inherited)",
					"@executable_path/Frameworks",
					"@loader_path/Frameworks",
				);
				PRODUCT_BUNDLE_IDENTIFIER = com.vonBelow.MagicBusTests;
				PRODUCT_NAME = "$(TARGET_NAME)";
				SWIFT_VERSION = 4.2;
				TARGETED_DEVICE_FAMILY = "1,2";
				TEST_HOST = "$(BUILT_PRODUCTS_DIR)/MagicBus.app/MagicBus";
			};
			name = Release;
		};
		CBF18AD9223D2A6B008D6B25 /* Debug */ = {
			isa = XCBuildConfiguration;
			buildSettings = {
				ALWAYS_EMBED_SWIFT_STANDARD_LIBRARIES = YES;
				CODE_SIGN_STYLE = Automatic;
				DEVELOPMENT_TEAM = M3DTZN9V9B;
				INFOPLIST_FILE = MagicBusUITests/Info.plist;
				LD_RUNPATH_SEARCH_PATHS = (
					"$(inherited)",
					"@executable_path/Frameworks",
					"@loader_path/Frameworks",
				);
				PRODUCT_BUNDLE_IDENTIFIER = com.vonBelow.MagicBusUITests;
				PRODUCT_NAME = "$(TARGET_NAME)";
				SWIFT_VERSION = 4.2;
				TARGETED_DEVICE_FAMILY = "1,2";
				TEST_TARGET_NAME = MagicBus;
			};
			name = Debug;
		};
		CBF18ADA223D2A6B008D6B25 /* Release */ = {
			isa = XCBuildConfiguration;
			buildSettings = {
				ALWAYS_EMBED_SWIFT_STANDARD_LIBRARIES = YES;
				CODE_SIGN_STYLE = Automatic;
				DEVELOPMENT_TEAM = M3DTZN9V9B;
				INFOPLIST_FILE = MagicBusUITests/Info.plist;
				LD_RUNPATH_SEARCH_PATHS = (
					"$(inherited)",
					"@executable_path/Frameworks",
					"@loader_path/Frameworks",
				);
				PRODUCT_BUNDLE_IDENTIFIER = com.vonBelow.MagicBusUITests;
				PRODUCT_NAME = "$(TARGET_NAME)";
				SWIFT_VERSION = 4.2;
				TARGETED_DEVICE_FAMILY = "1,2";
				TEST_TARGET_NAME = MagicBus;
			};
			name = Release;
		};
/* End XCBuildConfiguration section */

/* Begin XCConfigurationList section */
		CBF18AA5223D2A69008D6B25 /* Build configuration list for PBXProject "MagicBus" */ = {
			isa = XCConfigurationList;
			buildConfigurations = (
				CBF18AD0223D2A6B008D6B25 /* Debug */,
				CBF18AD1223D2A6B008D6B25 /* Release */,
			);
			defaultConfigurationIsVisible = 0;
			defaultConfigurationName = Release;
		};
		CBF18AD2223D2A6B008D6B25 /* Build configuration list for PBXNativeTarget "MagicBus" */ = {
			isa = XCConfigurationList;
			buildConfigurations = (
				CBF18AD3223D2A6B008D6B25 /* Debug */,
				CBF18AD4223D2A6B008D6B25 /* Release */,
			);
			defaultConfigurationIsVisible = 0;
			defaultConfigurationName = Release;
		};
		CBF18AD5223D2A6B008D6B25 /* Build configuration list for PBXNativeTarget "MagicBusTests" */ = {
			isa = XCConfigurationList;
			buildConfigurations = (
				CBF18AD6223D2A6B008D6B25 /* Debug */,
				CBF18AD7223D2A6B008D6B25 /* Release */,
			);
			defaultConfigurationIsVisible = 0;
			defaultConfigurationName = Release;
		};
		CBF18AD8223D2A6B008D6B25 /* Build configuration list for PBXNativeTarget "MagicBusUITests" */ = {
			isa = XCConfigurationList;
			buildConfigurations = (
				CBF18AD9223D2A6B008D6B25 /* Debug */,
				CBF18ADA223D2A6B008D6B25 /* Release */,
			);
			defaultConfigurationIsVisible = 0;
			defaultConfigurationName = Release;
		};
/* End XCConfigurationList section */
	};
	rootObject = CBF18AA2223D2A69008D6B25 /* Project object */;
}
